
Microsoft Visual Studio Solution File, Format Version 12.00
# Visual Studio Version 17
VisualStudioVersion = 17.4.33213.308
MinimumVisualStudioVersion = 10.0.40219.1
Project("{9A19103F-16F7-4668-BE54-9A1E7A4F7556}") = "Puzzle", "mush\Puzzle.csproj", "{9EB6A184-46C9-45AB-8681-1D4747963F1C}"
EndProject
Global
	GlobalSection(SolutionConfigurationPlatforms) = preSolution
		Debug|Any CPU = Debug|Any CPU
		Release|Any CPU = Release|Any CPU
	EndGlobalSection
	GlobalSection(ProjectConfigurationPlatforms) = postSolution
		{9EB6A184-46C9-45AB-8681-1D4747963F1C}.Debug|Any CPU.ActiveCfg = Release|Any CPU
		{9EB6A184-46C9-45AB-8681-1D4747963F1C}.Debug|Any CPU.Build.0 = Release|Any CPU
		{9EB6A184-46C9-45AB-8681-1D4747963F1C}.Release|Any CPU.ActiveCfg = Release|Any CPU
		{9EB6A184-46C9-45AB-8681-1D4747963F1C}.Release|Any CPU.Build.0 = Release|Any CPU
	EndGlobalSection
	GlobalSection(SolutionProperties) = preSolution
		HideSolutionNode = FALSE
	EndGlobalSection
	GlobalSection(ExtensibilityGlobals) = postSolution
		SolutionGuid = {5AD22DA6-F1CC-4206-AC6E-1EE74DE1FEA3}
	EndGlobalSection
EndGlobal
